
Microsoft Visual Studio Solution File, Format Version 12.00
# Visual Studio Version 16
VisualStudioVersion = 16.0.29728.190
MinimumVisualStudioVersion = 10.0.40219.1
Project("{FAE04EC0-301F-11D3-BF4B-00C04F79EFBC}") = "MonkeyCache_Sample.UWP", "MonkeyCache_Sample\MonkeyCache_Sample.UWP\MonkeyCache_Sample.UWP.csproj", "{D1F36582-5C64-41CA-A8E7-EE28DF888ABE}"
EndProject
Project("{FAE04EC0-301F-11D3-BF4B-00C04F79EFBC}") = "MonkeyCache_Sample.Android", "MonkeyCache_Sample\MonkeyCache_Sample.Android\MonkeyCache_Sample.Android.csproj", "{02E7C73B-6E9A-4510-AE2D-483E1E5C8C5D}"
EndProject
Project("{FAE04EC0-301F-11D3-BF4B-00C04F79EFBC}") = "MonkeyCache_Sample.iOS", "MonkeyCache_Sample\MonkeyCache_Sample.iOS\MonkeyCache_Sample.iOS.csproj", "{F7EDD31C-126B-4F48-8264-44EFD607CA9D}"
EndProject
Project("{FAE04EC0-301F-11D3-BF4B-00C04F79EFBC}") = "MonkeyCache_Sample", "MonkeyCache_Sample\MonkeyCache_Sample\MonkeyCache_Sample.csproj", "{46EC922C-4AAE-4C78-954A-FC4F5E78D787}"
EndProject
Global
	GlobalSection(SolutionConfigurationPlatforms) = preSolution
		Debug|Any CPU = Debug|Any CPU
		Debug|ARM = Debug|ARM
		Debug|iPhone = Debug|iPhone
		Debug|iPhoneSimulator = Debug|iPhoneSimulator
		Debug|x64 = Debug|x64
		Debug|x86 = Debug|x86
		Release|Any CPU = Release|Any CPU
		Release|ARM = Release|ARM
		Release|iPhone = Release|iPhone
		Release|iPhoneSimulator = Release|iPhoneSimulator
		Release|x64 = Release|x64
		Release|x86 = Release|x86
	EndGlobalSection
	GlobalSection(ProjectConfigurationPlatforms) = postSolution
		{D1F36582-5C64-41CA-A8E7-EE28DF888ABE}.Debug|Any CPU.ActiveCfg = Debug|x86
		{D1F36582-5C64-41CA-A8E7-EE28DF888ABE}.Debug|Any CPU.Build.0 = Debug|x86
		{D1F36582-5C64-41CA-A8E7-EE28DF888ABE}.Debug|Any CPU.Deploy.0 = Debug|x86
		{D1F36582-5C64-41CA-A8E7-EE28DF888ABE}.Debug|ARM.ActiveCfg = Debug|ARM
		{D1F36582-5C64-41CA-A8E7-EE28DF888ABE}.Debug|ARM.Build.0 = Debug|ARM
		{D1F36582-5C64-41CA-A8E7-EE28DF888ABE}.Debug|ARM.Deploy.0 = Debug|ARM
		{D1F36582-5C64-41CA-A8E7-EE28DF888ABE}.Debug|iPhone.ActiveCfg = Debug|x86
		{D1F36582-5C64-41CA-A8E7-EE28DF888ABE}.Debug|iPhone.Build.0 = Debug|x86
		{D1F36582-5C64-41CA-A8E7-EE28DF888ABE}.Debug|iPhone.Deploy.0 = Debug|x86
		{D1F36582-5C64-41CA-A8E7-EE28DF888ABE}.Debug|iPhoneSimulator.ActiveCfg = Debug|x86
		{D1F36582-5C64-41CA-A8E7-EE28DF888ABE}.Debug|iPhoneSimulator.Build.0 = Debug|x86
		{D1F36582-5C64-41CA-A8E7-EE28DF888ABE}.Debug|iPhoneSimulator.Deploy.0 = Debug|x86
		{D1F36582-5C64-41CA-A8E7-EE28DF888ABE}.Debug|x64.ActiveCfg = Debug|x64
		{D1F36582-5C64-41CA-A8E7-EE28DF888ABE}.Debug|x64.Build.0 = Debug|x64
		{D1F36582-5C64-41CA-A8E7-EE28DF888ABE}.Debug|x64.Deploy.0 = Debug|x64
		{D1F36582-5C64-41CA-A8E7-EE28DF888ABE}.Debug|x86.ActiveCfg = Debug|x86
		{D1F36582-5C64-41CA-A8E7-EE28DF888ABE}.Debug|x86.Build.0 = Debug|x86
		{D1F36582-5C64-41CA-A8E7-EE28DF888ABE}.Debug|x86.Deploy.0 = Debug|x86
		{D1F36582-5C64-41CA-A8E7-EE28DF888ABE}.Release|Any CPU.ActiveCfg = Release|x86
		{D1F36582-5C64-41CA-A8E7-EE28DF888ABE}.Release|Any CPU.Build.0 = Release|x86
		{D1F36582-5C64-41CA-A8E7-EE28DF888ABE}.Release|Any CPU.Deploy.0 = Release|x86
		{D1F36582-5C64-41CA-A8E7-EE28DF888ABE}.Release|ARM.ActiveCfg = Release|ARM
		{D1F36582-5C64-41CA-A8E7-EE28DF888ABE}.Release|ARM.Build.0 = Release|ARM
		{D1F36582-5C64-41CA-A8E7-EE28DF888ABE}.Release|ARM.Deploy.0 = Release|ARM
		{D1F36582-5C64-41CA-A8E7-EE28DF888ABE}.Release|iPhone.ActiveCfg = Release|x86
		{D1F36582-5C64-41CA-A8E7-EE28DF888ABE}.Release|iPhone.Build.0 = Release|x86
		{D1F36582-5C64-41CA-A8E7-EE28DF888ABE}.Release|iPhone.Deploy.0 = Release|x86
		{D1F36582-5C64-41CA-A8E7-EE28DF888ABE}.Release|iPhoneSimulator.ActiveCfg = Release|x86
		{D1F36582-5C64-41CA-A8E7-EE28DF888ABE}.Release|iPhoneSimulator.Build.0 = Release|x86
		{D1F36582-5C64-41CA-A8E7-EE28DF888ABE}.Release|iPhoneSimulator.Deploy.0 = Release|x86
		{D1F36582-5C64-41CA-A8E7-EE28DF888ABE}.Release|x64.ActiveCfg = Release|x64
		{D1F36582-5C64-41CA-A8E7-EE28DF888ABE}.Release|x64.Build.0 = Release|x64
		{D1F36582-5C64-41CA-A8E7-EE28DF888ABE}.Release|x64.Deploy.0 = Release|x64
		{D1F36582-5C64-41CA-A8E7-EE28DF888ABE}.Release|x86.ActiveCfg = Release|x86
		{D1F36582-5C64-41CA-A8E7-EE28DF888ABE}.Release|x86.Build.0 = Release|x86
		{D1F36582-5C64-41CA-A8E7-EE28DF888ABE}.Release|x86.Deploy.0 = Release|x86
		{02E7C73B-6E9A-4510-AE2D-483E1E5C8C5D}.Debug|Any CPU.ActiveCfg = Debug|Any CPU
		{02E7C73B-6E9A-4510-AE2D-483E1E5C8C5D}.Debug|Any CPU.Build.0 = Debug|Any CPU
		{02E7C73B-6E9A-4510-AE2D-483E1E5C8C5D}.Debug|Any CPU.Deploy.0 = Debug|Any CPU
		{02E7C73B-6E9A-4510-AE2D-483E1E5C8C5D}.Debug|ARM.ActiveCfg = Debug|Any CPU
		{02E7C73B-6E9A-4510-AE2D-483E1E5C8C5D}.Debug|ARM.Build.0 = Debug|Any CPU
		{02E7C73B-6E9A-4510-AE2D-483E1E5C8C5D}.Debug|ARM.Deploy.0 = Debug|Any CPU
		{02E7C73B-6E9A-4510-AE2D-483E1E5C8C5D}.Debug|iPhone.ActiveCfg = Debug|Any CPU
		{02E7C73B-6E9A-4510-AE2D-483E1E5C8C5D}.Debug|iPhone.Build.0 = Debug|Any CPU
		{02E7C73B-6E9A-4510-AE2D-483E1E5C8C5D}.Debug|iPhone.Deploy.0 = Debug|Any CPU
		{02E7C73B-6E9A-4510-AE2D-483E1E5C8C5D}.Debug|iPhoneSimulator.ActiveCfg = Debug|Any CPU
		{02E7C73B-6E9A-4510-AE2D-483E1E5C8C5D}.Debug|iPhoneSimulator.Build.0 = Debug|Any CPU
		{02E7C73B-6E9A-4510-AE2D-483E1E5C8C5D}.Debug|iPhoneSimulator.Deploy.0 = Debug|Any CPU
		{02E7C73B-6E9A-4510-AE2D-483E1E5C8C5D}.Debug|x64.ActiveCfg = Debug|Any CPU
		{02E7C73B-6E9A-4510-AE2D-483E1E5C8C5D}.Debug|x64.Build.0 = Debug|Any CPU
		{02E7C73B-6E9A-4510-AE2D-483E1E5C8C5D}.Debug|x64.Deploy.0 = Debug|Any CPU
		{02E7C73B-6E9A-4510-AE2D-483E1E5C8C5D}.Debug|x86.ActiveCfg = Debug|Any CPU
		{02E7C73B-6E9A-4510-AE2D-483E1E5C8C5D}.Debug|x86.Build.0 = Debug|Any CPU
		{02E7C73B-6E9A-4510-AE2D-483E1E5C8C5D}.Debug|x86.Deploy.0 = Debug|Any CPU
		{02E7C73B-6E9A-4510-AE2D-483E1E5C8C5D}.Release|Any CPU.ActiveCfg = Release|Any CPU
		{02E7C73B-6E9A-4510-AE2D-483E1E5C8C5D}.Release|Any CPU.Build.0 = Release|Any CPU
		{02E7C73B-6E9A-4510-AE2D-483E1E5C8C5D}.Release|Any CPU.Deploy.0 = Release|Any CPU
		{02E7C73B-6E9A-4510-AE2D-483E1E5C8C5D}.Release|ARM.ActiveCfg = Release|Any CPU
		{02E7C73B-6E9A-4510-AE2D-483E1E5C8C5D}.Release|ARM.Build.0 = Release|Any CPU
		{02E7C73B-6E9A-4510-AE2D-483E1E5C8C5D}.Release|ARM.Deploy.0 = Release|Any CPU
		{02E7C73B-6E9A-4510-AE2D-483E1E5C8C5D}.Release|iPhone.ActiveCfg = Release|Any CPU
		{02E7C73B-6E9A-4510-AE2D-483E1E5C8C5D}.Release|iPhone.Build.0 = Release|Any CPU
		{02E7C73B-6E9A-4510-AE2D-483E1E5C8C5D}.Release|iPhone.Deploy.0 = Release|Any CPU
		{02E7C73B-6E9A-4510-AE2D-483E1E5C8C5D}.Release|iPhoneSimulator.ActiveCfg = Release|Any CPU
		{02E7C73B-6E9A-4510-AE2D-483E1E5C8C5D}.Release|iPhoneSimulator.Build.0 = Release|Any CPU
		{02E7C73B-6E9A-4510-AE2D-483E1E5C8C5D}.Release|iPhoneSimulator.Deploy.0 = Release|Any CPU
		{02E7C73B-6E9A-4510-AE2D-483E1E5C8C5D}.Release|x64.ActiveCfg = Release|Any CPU
		{02E7C73B-6E9A-4510-AE2D-483E1E5C8C5D}.Release|x64.Build.0 = Release|Any CPU
		{02E7C73B-6E9A-4510-AE2D-483E1E5C8C5D}.Release|x64.Deploy.0 = Release|Any CPU
		{02E7C73B-6E9A-4510-AE2D-483E1E5C8C5D}.Release|x86.ActiveCfg = Release|Any CPU
		{02E7C73B-6E9A-4510-AE2D-483E1E5C8C5D}.Release|x86.Build.0 = Release|Any CPU
		{02E7C73B-6E9A-4510-AE2D-483E1E5C8C5D}.Release|x86.Deploy.0 = Release|Any CPU
		{F7EDD31C-126B-4F48-8264-44EFD607CA9D}.Debug|Any CPU.ActiveCfg = Debug|iPhone
		{F7EDD31C-126B-4F48-8264-44EFD607CA9D}.Debug|Any CPU.Build.0 = Debug|iPhone
		{F7EDD31C-126B-4F48-8264-44EFD607CA9D}.Debug|Any CPU.Deploy.0 = Debug|iPhone
		{F7EDD31C-126B-4F48-8264-44EFD607CA9D}.Debug|ARM.ActiveCfg = Debug|iPhoneSimulator
		{F7EDD31C-126B-4F48-8264-44EFD607CA9D}.Debug|ARM.Build.0 = Debug|iPhoneSimulator
		{F7EDD31C-126B-4F48-8264-44EFD607CA9D}.Debug|ARM.Deploy.0 = Debug|iPhoneSimulator
		{F7EDD31C-126B-4F48-8264-44EFD607CA9D}.Debug|iPhone.ActiveCfg = Debug|iPhone
		{F7EDD31C-126B-4F48-8264-44EFD607CA9D}.Debug|iPhone.Build.0 = Debug|iPhone
		{F7EDD31C-126B-4F48-8264-44EFD607CA9D}.Debug|iPhone.Deploy.0 = Debug|iPhone
		{F7EDD31C-126B-4F48-8264-44EFD607CA9D}.Debug|iPhoneSimulator.ActiveCfg = Debug|iPhoneSimulator
		{F7EDD31C-126B-4F48-8264-44EFD607CA9D}.Debug|iPhoneSimulator.Build.0 = Debug|iPhoneSimulator
		{F7EDD31C-126B-4F48-8264-44EFD607CA9D}.Debug|iPhoneSimulator.Deploy.0 = Debug|iPhoneSimulator
		{F7EDD31C-126B-4F48-8264-44EFD607CA9D}.Debug|x64.ActiveCfg = Debug|iPhone
		{F7EDD31C-126B-4F48-8264-44EFD607CA9D}.Debug|x64.Build.0 = Debug|iPhone
		{F7EDD31C-126B-4F48-8264-44EFD607CA9D}.Debug|x64.Deploy.0 = Debug|iPhone
		{F7EDD31C-126B-4F48-8264-44EFD607CA9D}.Debug|x86.ActiveCfg = Debug|iPhone
		{F7EDD31C-126B-4F48-8264-44EFD607CA9D}.Debug|x86.Build.0 = Debug|iPhone
		{F7EDD31C-126B-4F48-8264-44EFD607CA9D}.Debug|x86.Deploy.0 = Debug|iPhone
		{F7EDD31C-126B-4F48-8264-44EFD607CA9D}.Release|Any CPU.ActiveCfg = Release|iPhone
		{F7EDD31C-126B-4F48-8264-44EFD607CA9D}.Release|Any CPU.Build.0 = Release|iPhone
		{F7EDD31C-126B-4F48-8264-44EFD607CA9D}.Release|Any CPU.Deploy.0 = Release|iPhone
		{F7EDD31C-126B-4F48-8264-44EFD607CA9D}.Release|ARM.ActiveCfg = Release|iPhone
		{F7EDD31C-126B-4F48-8264-44EFD607CA9D}.Release|ARM.Build.0 = Release|iPhone
		{F7EDD31C-126B-4F48-8264-44EFD607CA9D}.Release|ARM.Deploy.0 = Release|iPhone
		{F7EDD31C-126B-4F48-8264-44EFD607CA9D}.Release|iPhone.ActiveCfg = Release|iPhone
		{F7EDD31C-126B-4F48-8264-44EFD607CA9D}.Release|iPhone.Build.0 = Release|iPhone
		{F7EDD31C-126B-4F48-8264-44EFD607CA9D}.Release|iPhone.Deploy.0 = Release|iPhone
		{F7EDD31C-126B-4F48-8264-44EFD607CA9D}.Release|iPhoneSimulator.ActiveCfg = Release|iPhoneSimulator
		{F7EDD31C-126B-4F48-8264-44EFD607CA9D}.Release|iPhoneSimulator.Build.0 = Release|iPhoneSimulator
		{F7EDD31C-126B-4F48-8264-44EFD607CA9D}.Release|iPhoneSimulator.Deploy.0 = Release|iPhoneSimulator
		{F7EDD31C-126B-4F48-8264-44EFD607CA9D}.Release|x64.ActiveCfg = Release|iPhone
		{F7EDD31C-126B-4F48-8264-44EFD607CA9D}.Release|x64.Build.0 = Release|iPhone
		{F7EDD31C-126B-4F48-8264-44EFD607CA9D}.Release|x64.Deploy.0 = Release|iPhone
		{F7EDD31C-126B-4F48-8264-44EFD607CA9D}.Release|x86.ActiveCfg = Release|iPhone
		{F7EDD31C-126B-4F48-8264-44EFD607CA9D}.Release|x86.Build.0 = Release|iPhone
		{F7EDD31C-126B-4F48-8264-44EFD607CA9D}.Release|x86.Deploy.0 = Release|iPhone
		{46EC922C-4AAE-4C78-954A-FC4F5E78D787}.Debug|Any CPU.ActiveCfg = Debug|Any CPU
		{46EC922C-4AAE-4C78-954A-FC4F5E78D787}.Debug|Any CPU.Build.0 = Debug|Any CPU
		{46EC922C-4AAE-4C78-954A-FC4F5E78D787}.Debug|Any CPU.Deploy.0 = Debug|Any CPU
		{46EC922C-4AAE-4C78-954A-FC4F5E78D787}.Debug|ARM.ActiveCfg = Debug|Any CPU
		{46EC922C-4AAE-4C78-954A-FC4F5E78D787}.Debug|ARM.Build.0 = Debug|Any CPU
		{46EC922C-4AAE-4C78-954A-FC4F5E78D787}.Debug|ARM.Deploy.0 = Debug|Any CPU
		{46EC922C-4AAE-4C78-954A-FC4F5E78D787}.Debug|iPhone.ActiveCfg = Debug|Any CPU
		{46EC922C-4AAE-4C78-954A-FC4F5E78D787}.Debug|iPhone.Build.0 = Debug|Any CPU
		{46EC922C-4AAE-4C78-954A-FC4F5E78D787}.Debug|iPhone.Deploy.0 = Debug|Any CPU
		{46EC922C-4AAE-4C78-954A-FC4F5E78D787}.Debug|iPhoneSimulator.ActiveCfg = Debug|Any CPU
		{46EC922C-4AAE-4C78-954A-FC4F5E78D787}.Debug|iPhoneSimulator.Build.0 = Debug|Any CPU
		{46EC922C-4AAE-4C78-954A-FC4F5E78D787}.Debug|iPhoneSimulator.Deploy.0 = Debug|Any CPU
		{46EC922C-4AAE-4C78-954A-FC4F5E78D787}.Debug|x64.ActiveCfg = Debug|Any CPU
		{46EC922C-4AAE-4C78-954A-FC4F5E78D787}.Debug|x64.Build.0 = Debug|Any CPU
		{46EC922C-4AAE-4C78-954A-FC4F5E78D787}.Debug|x64.Deploy.0 = Debug|Any CPU
		{46EC922C-4AAE-4C78-954A-FC4F5E78D787}.Debug|x86.ActiveCfg = Debug|Any CPU
		{46EC922C-4AAE-4C78-954A-FC4F5E78D787}.Debug|x86.Build.0 = Debug|Any CPU
		{46EC922C-4AAE-4C78-954A-FC4F5E78D787}.Debug|x86.Deploy.0 = Debug|Any CPU
		{46EC922C-4AAE-4C78-954A-FC4F5E78D787}.Release|Any CPU.ActiveCfg = Release|Any CPU
		{46EC922C-4AAE-4C78-954A-FC4F5E78D787}.Release|Any CPU.Build.0 = Release|Any CPU
		{46EC922C-4AAE-4C78-954A-FC4F5E78D787}.Release|Any CPU.Deploy.0 = Release|Any CPU
		{46EC922C-4AAE-4C78-954A-FC4F5E78D787}.Release|ARM.ActiveCfg = Release|Any CPU
		{46EC922C-4AAE-4C78-954A-FC4F5E78D787}.Release|ARM.Build.0 = Release|Any CPU
		{46EC922C-4AAE-4C78-954A-FC4F5E78D787}.Release|ARM.Deploy.0 = Release|Any CPU
		{46EC922C-4AAE-4C78-954A-FC4F5E78D787}.Release|iPhone.ActiveCfg = Release|Any CPU
		{46EC922C-4AAE-4C78-954A-FC4F5E78D787}.Release|iPhone.Build.0 = Release|Any CPU
		{46EC922C-4AAE-4C78-954A-FC4F5E78D787}.Release|iPhone.Deploy.0 = Release|Any CPU
		{46EC922C-4AAE-4C78-954A-FC4F5E78D787}.Release|iPhoneSimulator.ActiveCfg = Release|Any CPU
		{46EC922C-4AAE-4C78-954A-FC4F5E78D787}.Release|iPhoneSimulator.Build.0 = Release|Any CPU
		{46EC922C-4AAE-4C78-954A-FC4F5E78D787}.Release|iPhoneSimulator.Deploy.0 = Release|Any CPU
		{46EC922C-4AAE-4C78-954A-FC4F5E78D787}.Release|x64.ActiveCfg = Release|Any CPU
		{46EC922C-4AAE-4C78-954A-FC4F5E78D787}.Release|x64.Build.0 = Release|Any CPU
		{46EC922C-4AAE-4C78-954A-FC4F5E78D787}.Release|x64.Deploy.0 = Release|Any CPU
		{46EC922C-4AAE-4C78-954A-FC4F5E78D787}.Release|x86.ActiveCfg = Release|Any CPU
		{46EC922C-4AAE-4C78-954A-FC4F5E78D787}.Release|x86.Build.0 = Release|Any CPU
		{46EC922C-4AAE-4C78-954A-FC4F5E78D787}.Release|x86.Deploy.0 = Release|Any CPU
	EndGlobalSection
	GlobalSection(SolutionProperties) = preSolution
		HideSolutionNode = FALSE
	EndGlobalSection
	GlobalSection(ExtensibilityGlobals) = postSolution
		SolutionGuid = {80ABC171-6C7A-4EF8-B907-9C6DB0037828}
	EndGlobalSection
EndGlobal
